
Microsoft Visual Studio Solution File, Format Version 12.00
# Visual Studio 15
VisualStudioVersion = 15.0.28010.2036
MinimumVisualStudioVersion = 10.0.40219.1
Project("{FAE04EC0-301F-11D3-BF4B-00C04F79EFBC}") = "VirtualPet.Application", "VirtualPet.Application\VirtualPet.Application.csproj", "{1C034A52-154B-4C04-B940-1E0EB7819C22}"
EndProject
Project("{9A19103F-16F7-4668-BE54-9A1E7A4F7556}") = "VirtualPet.WebApi", "VirtualPet.WebApi\VirtualPet.WebApi.csproj", "{41D312CC-A2B4-4916-8583-94758E1B1DB1}"
EndProject
Project("{2150E333-8FDC-42A3-9474-1A3956D46DE8}") = "Tests", "Tests", "{5CF70157-7096-47B4-A8D5-634A7ACF49FC}"
EndProject
Project("{FAE04EC0-301F-11D3-BF4B-00C04F79EFBC}") = "VirtualPet.Application.UnitTests", "VirtualPet.Application.UnitTests\VirtualPet.Application.UnitTests.csproj", "{FFB5D513-6C15-4724-BFE6-874D7074D9F0}"
EndProject
Project("{FAE04EC0-301F-11D3-BF4B-00C04F79EFBC}") = "VirtualPet.WebApi.UnitTests", "VirtualPet.WebApi.UnitTests\VirtualPet.WebApi.UnitTests.csproj", "{CFB617D6-95D9-4098-AB57-F13F68228F3E}"
EndProject
Global
	GlobalSection(SolutionConfigurationPlatforms) = preSolution
		Debug|Any CPU = Debug|Any CPU
		Release|Any CPU = Release|Any CPU
	EndGlobalSection
	GlobalSection(ProjectConfigurationPlatforms) = postSolution
		{1C034A52-154B-4C04-B940-1E0EB7819C22}.Debug|Any CPU.ActiveCfg = Debug|Any CPU
		{1C034A52-154B-4C04-B940-1E0EB7819C22}.Debug|Any CPU.Build.0 = Debug|Any CPU
		{1C034A52-154B-4C04-B940-1E0EB7819C22}.Release|Any CPU.ActiveCfg = Release|Any CPU
		{1C034A52-154B-4C04-B940-1E0EB7819C22}.Release|Any CPU.Build.0 = Release|Any CPU
		{41D312CC-A2B4-4916-8583-94758E1B1DB1}.Debug|Any CPU.ActiveCfg = Debug|Any CPU
		{41D312CC-A2B4-4916-8583-94758E1B1DB1}.Debug|Any CPU.Build.0 = Debug|Any CPU
		{41D312CC-A2B4-4916-8583-94758E1B1DB1}.Release|Any CPU.ActiveCfg = Release|Any CPU
		{41D312CC-A2B4-4916-8583-94758E1B1DB1}.Release|Any CPU.Build.0 = Release|Any CPU
		{FFB5D513-6C15-4724-BFE6-874D7074D9F0}.Debug|Any CPU.ActiveCfg = Debug|Any CPU
		{FFB5D513-6C15-4724-BFE6-874D7074D9F0}.Debug|Any CPU.Build.0 = Debug|Any CPU
		{FFB5D513-6C15-4724-BFE6-874D7074D9F0}.Release|Any CPU.ActiveCfg = Release|Any CPU
		{FFB5D513-6C15-4724-BFE6-874D7074D9F0}.Release|Any CPU.Build.0 = Release|Any CPU
		{CFB617D6-95D9-4098-AB57-F13F68228F3E}.Debug|Any CPU.ActiveCfg = Debug|Any CPU
		{CFB617D6-95D9-4098-AB57-F13F68228F3E}.Debug|Any CPU.Build.0 = Debug|Any CPU
		{CFB617D6-95D9-4098-AB57-F13F68228F3E}.Release|Any CPU.ActiveCfg = Release|Any CPU
		{CFB617D6-95D9-4098-AB57-F13F68228F3E}.Release|Any CPU.Build.0 = Release|Any CPU
	EndGlobalSection
	GlobalSection(SolutionProperties) = preSolution
		HideSolutionNode = FALSE
	EndGlobalSection
	GlobalSection(NestedProjects) = preSolution
		{FFB5D513-6C15-4724-BFE6-874D7074D9F0} = {5CF70157-7096-47B4-A8D5-634A7ACF49FC}
		{CFB617D6-95D9-4098-AB57-F13F68228F3E} = {5CF70157-7096-47B4-A8D5-634A7ACF49FC}
	EndGlobalSection
	GlobalSection(ExtensibilityGlobals) = postSolution
		SolutionGuid = {9812D034-5C78-4510-918B-B0B73B69B22B}
	EndGlobalSection
EndGlobal
